
Microsoft Visual Studio Solution File, Format Version 12.00
# Visual Studio Version 16
VisualStudioVersion = 16.0.29806.167
MinimumVisualStudioVersion = 10.0.40219.1
Project("{FAE04EC0-301F-11D3-BF4B-00C04F79EFBC}") = "SLDevCodeRegistration", "SLDevCodeRegistration\SLDevCodeRegistration.csproj", "{0444A7DA-7E10-4DD1-A423-350D4B1D5B61}"
EndProject
Global
	GlobalSection(SolutionConfigurationPlatforms) = preSolution
		Debug|Any CPU = Debug|Any CPU
		Release|Any CPU = Release|Any CPU
	EndGlobalSection
	GlobalSection(ProjectConfigurationPlatforms) = postSolution
		{0444A7DA-7E10-4DD1-A423-350D4B1D5B61}.Debug|Any CPU.ActiveCfg = Debug|Any CPU
		{0444A7DA-7E10-4DD1-A423-350D4B1D5B61}.Debug|Any CPU.Build.0 = Debug|Any CPU
		{0444A7DA-7E10-4DD1-A423-350D4B1D5B61}.Release|Any CPU.ActiveCfg = Release|Any CPU
		{0444A7DA-7E10-4DD1-A423-350D4B1D5B61}.Release|Any CPU.Build.0 = Release|Any CPU
	EndGlobalSection
	GlobalSection(SolutionProperties) = preSolution
		HideSolutionNode = FALSE
	EndGlobalSection
	GlobalSection(ExtensibilityGlobals) = postSolution
		SolutionGuid = {2538FBCB-344E-446C-BD30-44E241D638A1}
	EndGlobalSection
EndGlobal
